
Microsoft Visual Studio Solution File, Format Version 12.00
# Visual Studio Version 17
VisualStudioVersion = 17.5.33502.453
MinimumVisualStudioVersion = 10.0.40219.1
Project("{9A19103F-16F7-4668-BE54-9A1E7A4F7556}") = "Codeflix.Catalog.UnitTests", "Codeflix.Catalog.UnitTests\Codeflix.Catalog.UnitTests.csproj", "{D480522D-37BB-43A4-B8AF-EE5DDF64153F}"
EndProject
Project("{9A19103F-16F7-4668-BE54-9A1E7A4F7556}") = "Codeflix.Catalog.Domain", "Codeflix.Catalog.Domain\Codeflix.Catalog.Domain.csproj", "{93FF97AD-1230-4EBA-B516-FBECBB4D82D8}"
EndProject
Global
	GlobalSection(SolutionConfigurationPlatforms) = preSolution
		Debug|Any CPU = Debug|Any CPU
		Release|Any CPU = Release|Any CPU
	EndGlobalSection
	GlobalSection(ProjectConfigurationPlatforms) = postSolution
		{D480522D-37BB-43A4-B8AF-EE5DDF64153F}.Debug|Any CPU.ActiveCfg = Debug|Any CPU
		{D480522D-37BB-43A4-B8AF-EE5DDF64153F}.Debug|Any CPU.Build.0 = Debug|Any CPU
		{D480522D-37BB-43A4-B8AF-EE5DDF64153F}.Release|Any CPU.ActiveCfg = Release|Any CPU
		{D480522D-37BB-43A4-B8AF-EE5DDF64153F}.Release|Any CPU.Build.0 = Release|Any CPU
		{93FF97AD-1230-4EBA-B516-FBECBB4D82D8}.Debug|Any CPU.ActiveCfg = Debug|Any CPU
		{93FF97AD-1230-4EBA-B516-FBECBB4D82D8}.Debug|Any CPU.Build.0 = Debug|Any CPU
		{93FF97AD-1230-4EBA-B516-FBECBB4D82D8}.Release|Any CPU.ActiveCfg = Release|Any CPU
		{93FF97AD-1230-4EBA-B516-FBECBB4D82D8}.Release|Any CPU.Build.0 = Release|Any CPU
	EndGlobalSection
	GlobalSection(SolutionProperties) = preSolution
		HideSolutionNode = FALSE
	EndGlobalSection
	GlobalSection(ExtensibilityGlobals) = postSolution
		SolutionGuid = {2DF53121-B7C1-458C-87AD-BA6D01538CCB}
	EndGlobalSection
EndGlobal
